
Microsoft Visual Studio Solution File, Format Version 12.00
# Visual Studio 2013
VisualStudioVersion = 12.0.31101.0
MinimumVisualStudioVersion = 10.0.40219.1
Project("{FAE04EC0-301F-11D3-BF4B-00C04F79EFBC}") = "PortAndAdapter.Core", "PortAndAdapter.Core\PortAndAdapter.Core.csproj", "{5D86359B-903A-4208-BE31-B00F83D67726}"
EndProject
Project("{FAE04EC0-301F-11D3-BF4B-00C04F79EFBC}") = "PortsAndAdapter.StorageEngine", "PortsAndAdapter.StorageEngine\PortsAndAdapter.StorageEngine.csproj", "{C4539831-9FDD-4963-80D5-F2A670DAC773}"
EndProject
Global
	GlobalSection(SolutionConfigurationPlatforms) = preSolution
		Debug|Any CPU = Debug|Any CPU
		Dev|Any CPU = Dev|Any CPU
		Prod|Any CPU = Prod|Any CPU
		QA|Any CPU = QA|Any CPU
		Release|Any CPU = Release|Any CPU
	EndGlobalSection
	GlobalSection(ProjectConfigurationPlatforms) = postSolution
		{5D86359B-903A-4208-BE31-B00F83D67726}.Debug|Any CPU.ActiveCfg = Debug|Any CPU
		{5D86359B-903A-4208-BE31-B00F83D67726}.Debug|Any CPU.Build.0 = Debug|Any CPU
		{5D86359B-903A-4208-BE31-B00F83D67726}.Dev|Any CPU.ActiveCfg = Dev|Any CPU
		{5D86359B-903A-4208-BE31-B00F83D67726}.Dev|Any CPU.Build.0 = Dev|Any CPU
		{5D86359B-903A-4208-BE31-B00F83D67726}.Prod|Any CPU.ActiveCfg = Prod|Any CPU
		{5D86359B-903A-4208-BE31-B00F83D67726}.Prod|Any CPU.Build.0 = Prod|Any CPU
		{5D86359B-903A-4208-BE31-B00F83D67726}.QA|Any CPU.ActiveCfg = QA|Any CPU
		{5D86359B-903A-4208-BE31-B00F83D67726}.QA|Any CPU.Build.0 = QA|Any CPU
		{5D86359B-903A-4208-BE31-B00F83D67726}.Release|Any CPU.ActiveCfg = Release|Any CPU
		{5D86359B-903A-4208-BE31-B00F83D67726}.Release|Any CPU.Build.0 = Release|Any CPU
		{C4539831-9FDD-4963-80D5-F2A670DAC773}.Debug|Any CPU.ActiveCfg = Debug|Any CPU
		{C4539831-9FDD-4963-80D5-F2A670DAC773}.Debug|Any CPU.Build.0 = Debug|Any CPU
		{C4539831-9FDD-4963-80D5-F2A670DAC773}.Dev|Any CPU.ActiveCfg = Debug|Any CPU
		{C4539831-9FDD-4963-80D5-F2A670DAC773}.Dev|Any CPU.Build.0 = Debug|Any CPU
		{C4539831-9FDD-4963-80D5-F2A670DAC773}.Prod|Any CPU.ActiveCfg = Release|Any CPU
		{C4539831-9FDD-4963-80D5-F2A670DAC773}.Prod|Any CPU.Build.0 = Release|Any CPU
		{C4539831-9FDD-4963-80D5-F2A670DAC773}.QA|Any CPU.ActiveCfg = Release|Any CPU
		{C4539831-9FDD-4963-80D5-F2A670DAC773}.QA|Any CPU.Build.0 = Release|Any CPU
		{C4539831-9FDD-4963-80D5-F2A670DAC773}.Release|Any CPU.ActiveCfg = Release|Any CPU
		{C4539831-9FDD-4963-80D5-F2A670DAC773}.Release|Any CPU.Build.0 = Release|Any CPU
	EndGlobalSection
	GlobalSection(SolutionProperties) = preSolution
		HideSolutionNode = FALSE
	EndGlobalSection
EndGlobal
